# THIS IS AN AUTOGENERATED FILE. DO NOT EDIT THIS FILE DIRECTLY.
# yarn lockfile v1


"@emnapi/core@^1.1.0":
  version "1.2.0"
  resolved "https://registry.yarnpkg.com/@emnapi/core/-/core-1.2.0.tgz#7b738e5033738132bf6af0b8fae7b05249bdcbd7"
  integrity sha512-E7Vgw78I93we4ZWdYCb4DGAwRROGkMIXk7/y87UmANR+J6qsWusmC3gLt0H+O0KOt5e6O38U8oJamgbudrES/w==
  dependencies:
    "@emnapi/wasi-threads" "1.0.1"
    tslib "^2.4.0"

"@emnapi/runtime@^1.1.0":
  version "1.2.0"
  resolved "https://registry.yarnpkg.com/@emnapi/runtime/-/runtime-1.2.0.tgz#71d018546c3a91f3b51106530edbc056b9f2f2e3"
  integrity sha512-bV21/9LQmcQeCPEg3BDFtvwL6cwiTMksYNWQQ4KOxCZikEGalWtenoZ0wCiukJINlGCIi2KXx01g4FoH/LxpzQ==
  dependencies:
    tslib "^2.4.0"

"@emnapi/wasi-threads@1.0.1":
  version "1.0.1"
  resolved "https://registry.yarnpkg.com/@emnapi/wasi-threads/-/wasi-threads-1.0.1.tgz#d7ae71fd2166b1c916c6cd2d0df2ef565a2e1a5b"
  integrity sha512-iIBu7mwkq4UQGeMEM8bLwNK962nXdhodeScX4slfQnRhEMMzvYivHhutCIk8uojvmASXXPC2WNEjwxFWk72Oqw==
  dependencies:
    tslib "^2.4.0"

"@napi-rs/wasm-runtime@^0.2.4":
  version "0.2.4"
  resolved "https://registry.yarnpkg.com/@napi-rs/wasm-runtime/-/wasm-runtime-0.2.4.tgz#d27788176f250d86e498081e3c5ff48a17606918"
  integrity sha512-9zESzOO5aDByvhIAsOy9TbpZ0Ur2AJbUI7UT73kcUTS2mxAMHOBaa1st/jAymNoCtvrit99kkzT1FZuXVcgfIQ==
  dependencies:
    "@emnapi/core" "^1.1.0"
    "@emnapi/runtime" "^1.1.0"
    "@tybys/wasm-util" "^0.9.0"

"@rolldown/binding-darwin-arm64@0.12.2":
  version "0.12.2"
  resolved "https://registry.yarnpkg.com/@rolldown/binding-darwin-arm64/-/binding-darwin-arm64-0.12.2.tgz#9c5df87ba1452185b39e61e75d1c8ef1598d0887"
  integrity sha512-Y3Ajye63Z5KymGUwTLaK7Q6YMvycXqNiXtosecgVzjAwMITCmXdzgnWgzzx5UlWHMrDYL4m5zIeXGB5slLwoMA==

"@rolldown/binding-darwin-x64@0.12.2":
  version "0.12.2"
  resolved "https://registry.yarnpkg.com/@rolldown/binding-darwin-x64/-/binding-darwin-x64-0.12.2.tgz#7b4824e235673f22b3d1b988d89bc83343ef0c45"
  integrity sha512-ZcVuVFEFBXhp00TUNn+EDYs7SGGLQCznvCeuW1XkM8EC2/LfewU/o4WuJK7CBC4iCSktuFGpw7+zLe8D6iinzg==

"@rolldown/binding-freebsd-x64@0.12.2":
  version "0.12.2"
  resolved "https://registry.yarnpkg.com/@rolldown/binding-freebsd-x64/-/binding-freebsd-x64-0.12.2.tgz#c1a9acec5fa9d89850b54ae360a57ff5e2018584"
  integrity sha512-4fjuQHpm3q/Ly4fcqb8Qn49OQc2EQR2scUbQaOzXr7mIn9Zy8NfdRrsVG4/wpYvihIlTEtVx+ku0IZwcUzzZGg==

"@rolldown/binding-linux-arm-gnueabihf@0.12.2":
  version "0.12.2"
  resolved "https://registry.yarnpkg.com/@rolldown/binding-linux-arm-gnueabihf/-/binding-linux-arm-gnueabihf-0.12.2.tgz#79af05c3cc89650cf26a77324f825658cc821441"
  integrity sha512-MGEDaYLzTQ1kpvt13PzOwnd6O668S1mPM/vgi4O9vCfqJNTXZX8SeAg8Z2dQZbMSUyFDBVKGkz23GRTHqkGIsQ==

"@rolldown/binding-linux-arm64-gnu@0.12.2":
  version "0.12.2"
  resolved "https://registry.yarnpkg.com/@rolldown/binding-linux-arm64-gnu/-/binding-linux-arm64-gnu-0.12.2.tgz#f4378e8b331e4bfc9f1c86bb4f74588c94c4297f"
  integrity sha512-8uiaMe39twyIAw0do1Gc3O2SpQmyL1A/BucFncEB8eU5jtb3BWIM/X+F+eKDU6c+XZ+S1T025dhR1cGg8y20Xw==

"@rolldown/binding-linux-arm64-musl@0.12.2":
  version "0.12.2"
  resolved "https://registry.yarnpkg.com/@rolldown/binding-linux-arm64-musl/-/binding-linux-arm64-musl-0.12.2.tgz#649b65fc4479ac1a5ee9ce3c2ac09d4af7d1acaa"
  integrity sha512-GOFSKaMJueaSSODcqI+0Hu79buHYtGV7h2tydIDkSDD20mQuvwOF7jIVd27yNdlXWS9wLObwEu3BNgHmIj1M6A==

"@rolldown/binding-linux-x64-gnu@0.12.2":
  version "0.12.2"
  resolved "https://registry.yarnpkg.com/@rolldown/binding-linux-x64-gnu/-/binding-linux-x64-gnu-0.12.2.tgz#2a2ec102b5652d03700b61587bc785d42c1662ed"
  integrity sha512-+hlRURUSiVP0+PFtjoTxUsiy/2NQpbf3DyUyMyl8Nv5+1BxjB6452VY1iFI+RzG4iLNJslcVcI6d6lJQ5zZYfw==

"@rolldown/binding-linux-x64-musl@0.12.2":
  version "0.12.2"
  resolved "https://registry.yarnpkg.com/@rolldown/binding-linux-x64-musl/-/binding-linux-x64-musl-0.12.2.tgz#309c20120c096aec98dae32067cd7ec5ef35424c"
  integrity sha512-9WKIaQSZZ0i9F5msW4I5kEj6ov+TZLteuTqCzI7nYWDBDm7m/hYkOkdIBf41GC8iKFsgVIQO0kRVAT966U8RxQ==

"@rolldown/binding-wasm32-wasi@0.12.2":
  version "0.12.2"
  resolved "https://registry.yarnpkg.com/@rolldown/binding-wasm32-wasi/-/binding-wasm32-wasi-0.12.2.tgz#638a1f54c3ad9028d544bbd7e1b17314626e213d"
  integrity sha512-KY7bNrR3Jk6O0ne8LAaAnq9yI6xuKwhr/L2d1lBwrraCCyLHk0UEv4g6PfJkyUx6GfN0gVYuSxFgo9OggycldA==
  dependencies:
    "@napi-rs/wasm-runtime" "^0.2.4"

"@rolldown/binding-win32-arm64-msvc@0.12.2":
  version "0.12.2"
  resolved "https://registry.yarnpkg.com/@rolldown/binding-win32-arm64-msvc/-/binding-win32-arm64-msvc-0.12.2.tgz#066b5f0a55e20c3c5c86faf36c9e18ba20517de9"
  integrity sha512-XYBXifPk5iNcPUTyV/yB4tlj5nI+fYoe/8CLHjyUG8GS0l8rCD+jKaAv3Jvz2T2erlkjEPqJXmzhUfBscOUo6g==

"@rolldown/binding-win32-ia32-msvc@0.12.2":
  version "0.12.2"
  resolved "https://registry.yarnpkg.com/@rolldown/binding-win32-ia32-msvc/-/binding-win32-ia32-msvc-0.12.2.tgz#02e81d48af4e0628ead1be03c9e68d9ad45a51a7"
  integrity sha512-SV9LqvEc0d4gCLbkezH+UJ2uj2pTw3mwSKhFJEm6ir1lb05W6y9++m67NRs17fhudkFAz8iKlyPxKtZBKzAKOw==

"@rolldown/binding-win32-x64-msvc@0.12.2":
  version "0.12.2"
  resolved "https://registry.yarnpkg.com/@rolldown/binding-win32-x64-msvc/-/binding-win32-x64-msvc-0.12.2.tgz#d6dd389e13c1108fd0b4385ab38638b85b3c173d"
  integrity sha512-XnRqHx182tyk1M12OMXqLajIj9DZrOUEKSPYrQUSaMCmHHAhULYP6ki240CV16PBWZW4Q1pwQ7YVKYFevRtvKg==

"@tybys/wasm-util@^0.9.0":
  version "0.9.0"
  resolved "https://registry.yarnpkg.com/@tybys/wasm-util/-/wasm-util-0.9.0.tgz#3e75eb00604c8d6db470bf18c37b7d984a0e3355"
  integrity sha512-6+7nlbMVX/PVDCwaIQ8nTOPveOcFLSt8GcXdx8hD0bt39uWxYT88uXzqTd4fTvqta7oeUJqudepapKNt2DYJFw==
  dependencies:
    tslib "^2.4.0"

"js-tokens@^3.0.0 || ^4.0.0":
  version "4.0.0"
  resolved "https://registry.yarnpkg.com/js-tokens/-/js-tokens-4.0.0.tgz#19203fb59991df98e3a287050d4647cdeaf32499"
  integrity sha512-RdJUflcE3cUzKiMqQgsCu06FPu9UdIJO0beYbPhHN4k6apgJtifcoCtT9bcxOpYBtpD2kCM6Sbzg4CausW/PKQ==

loose-envify@^1.1.0:
  version "1.4.0"
  resolved "https://registry.yarnpkg.com/loose-envify/-/loose-envify-1.4.0.tgz#71ee51fa7be4caec1a63839f7e682d8132d30caf"
  integrity sha512-lyuxPGr/Wfhrlem2CL/UcnUc1zcqKAImBDzukY7Y5F/yQiNdko6+fRLevlw1HgMySw7f611UIY408EtxRSoK3Q==
  dependencies:
    js-tokens "^3.0.0 || ^4.0.0"

react-dom@^18.3.1:
  version "18.3.1"
  resolved "https://registry.yarnpkg.com/react-dom/-/react-dom-18.3.1.tgz#c2265d79511b57d479b3dd3fdfa51536494c5cb4"
  integrity sha512-5m4nQKp+rZRb09LNH59GM4BxTh9251/ylbKIbpe7TpGxfJ+9kv6BLkLBXIjjspbgbnIBNqlI23tRnTWT0snUIw==
  dependencies:
    loose-envify "^1.1.0"
    scheduler "^0.23.2"

react@^18.3.1:
  version "18.3.1"
  resolved "https://registry.yarnpkg.com/react/-/react-18.3.1.tgz#49ab892009c53933625bd16b2533fc754cab2891"
  integrity sha512-wS+hAgJShR0KhEvPJArfuPVN1+Hz1t0Y6n5jLrGQbkb4urgPE/0Rve+1kMB1v/oWgHgm4WIcV+i7F2pTVj+2iQ==
  dependencies:
    loose-envify "^1.1.0"

rolldown@^0.12.2:
  version "0.12.2"
  resolved "https://registry.yarnpkg.com/rolldown/-/rolldown-0.12.2.tgz#4dc485991e81ce125857d66aceb279e52bf37867"
  integrity sha512-YJYKiYt2O9XytiQ3Na4Kk29avfIXhvK7udB3wAaVaF4kiSsFKE1167tElO/0eD6tjfJXCvwNxwsyYkBJRtsLmQ==
  dependencies:
    zod "^3.23.8"
  optionalDependencies:
    "@rolldown/binding-darwin-arm64" "0.12.2"
    "@rolldown/binding-darwin-x64" "0.12.2"
    "@rolldown/binding-freebsd-x64" "0.12.2"
    "@rolldown/binding-linux-arm-gnueabihf" "0.12.2"
    "@rolldown/binding-linux-arm64-gnu" "0.12.2"
    "@rolldown/binding-linux-arm64-musl" "0.12.2"
    "@rolldown/binding-linux-x64-gnu" "0.12.2"
    "@rolldown/binding-linux-x64-musl" "0.12.2"
    "@rolldown/binding-wasm32-wasi" "0.12.2"
    "@rolldown/binding-win32-arm64-msvc" "0.12.2"
    "@rolldown/binding-win32-ia32-msvc" "0.12.2"
    "@rolldown/binding-win32-x64-msvc" "0.12.2"

scheduler@^0.23.2:
  version "0.23.2"
  resolved "https://registry.yarnpkg.com/scheduler/-/scheduler-0.23.2.tgz#414ba64a3b282892e944cf2108ecc078d115cdc3"
  integrity sha512-UOShsPwz7NrMUqhR6t0hWjFduvOzbtv7toDH1/hIrfRNIDBnnBWd0CwJTGvTpngVlmwGCdP9/Zl/tVrDqcuYzQ==
  dependencies:
    loose-envify "^1.1.0"

tslib@^2.4.0:
  version "2.7.0"
  resolved "https://registry.yarnpkg.com/tslib/-/tslib-2.7.0.tgz#d9b40c5c40ab59e8738f297df3087bf1a2690c01"
  integrity sha512-gLXCKdN1/j47AiHiOkJN69hJmcbGTHI0ImLmbYLHykhgeN0jVGola9yVjFgzCUklsZQMW55o+dW7IXv3RCXDzA==

zod@^3.23.8:
  version "3.23.8"
  resolved "https://registry.yarnpkg.com/zod/-/zod-3.23.8.tgz#e37b957b5d52079769fb8097099b592f0ef4067d"
  integrity sha512-XBx9AXhXktjUqnepgTiE5flcKIYWi/rme0Eaj+5Y0lftuGBq+jyRu/md4WnuxqgP1ubdpNCsYEYPxrzVHD8d6g==
