# This file is generated by running "yarn install" inside your project.
# Manual changes might be lost - proceed with caution!

__metadata:
  version: 8
  cacheKey: 10c0

"@emnapi/core@npm:^1.4.3":
  version: 1.4.3
  resolution: "@emnapi/core@npm:1.4.3"
  dependencies:
    "@emnapi/wasi-threads": "npm:1.0.2"
    tslib: "npm:^2.4.0"
  checksum: 10c0/e30101d16d37ef3283538a35cad60e22095aff2403fb9226a35330b932eb6740b81364d525537a94eb4fb51355e48ae9b10d779c0dd1cdcd55d71461fe4b45c7
  languageName: node
  linkType: hard

"@emnapi/runtime@npm:^1.4.3":
  version: 1.4.3
  resolution: "@emnapi/runtime@npm:1.4.3"
  dependencies:
    tslib: "npm:^2.4.0"
  checksum: 10c0/3b7ab72d21cb4e034f07df80165265f85f445ef3f581d1bc87b67e5239428baa00200b68a7d5e37a0425c3a78320b541b07f76c5530f6f6f95336a6294ebf30b
  languageName: node
  linkType: hard

"@emnapi/wasi-threads@npm:1.0.2":
  version: 1.0.2
  resolution: "@emnapi/wasi-threads@npm:1.0.2"
  dependencies:
    tslib: "npm:^2.4.0"
  checksum: 10c0/f0621b1fc715221bd2d8332c0ca922617bcd77cdb3050eae50a124eb8923c54fa425d23982dc8f29d505c8798a62d1049bace8b0686098ff9dd82270e06d772e
  languageName: node
  linkType: hard

"@napi-rs/wasm-runtime@npm:^0.2.10":
  version: 0.2.11
  resolution: "@napi-rs/wasm-runtime@npm:0.2.11"
  dependencies:
    "@emnapi/core": "npm:^1.4.3"
    "@emnapi/runtime": "npm:^1.4.3"
    "@tybys/wasm-util": "npm:^0.9.0"
  checksum: 10c0/049bd14c58b99fbe0967b95e9921c5503df196b59be22948d2155f17652eb305cff6728efd8685338b855da7e476dd2551fbe3a313fc2d810938f0717478441e
  languageName: node
  linkType: hard

"@oxc-project/runtime@npm:=0.72.3":
  version: 0.72.3
  resolution: "@oxc-project/runtime@npm:0.72.3"
  checksum: 10c0/35d3be02bbb12252529585483c8fa64bb0e44fb55cf20d0763eb9cc9fe1b9033777125ba768fb7bce8e4776a48f5a175e9ef324575f0932048482c0477799ac8
  languageName: node
  linkType: hard

"@oxc-project/types@npm:=0.72.3":
  version: 0.72.3
  resolution: "@oxc-project/types@npm:0.72.3"
  checksum: 10c0/8c1379671895b3ad3215d13a8194fc19150b16b35ad47b753c25963650055da9f11dade0225d6c522771f038451aff687e9fb9efdea5486ede5880631316c9f7
  languageName: node
  linkType: hard

"@rolldown/binding-darwin-arm64@npm:1.0.0-beta.15":
  version: 1.0.0-beta.15
  resolution: "@rolldown/binding-darwin-arm64@npm:1.0.0-beta.15"
  conditions: os=darwin & cpu=arm64
  languageName: node
  linkType: hard

"@rolldown/binding-darwin-x64@npm:1.0.0-beta.15":
  version: 1.0.0-beta.15
  resolution: "@rolldown/binding-darwin-x64@npm:1.0.0-beta.15"
  conditions: os=darwin & cpu=x64
  languageName: node
  linkType: hard

"@rolldown/binding-freebsd-x64@npm:1.0.0-beta.15":
  version: 1.0.0-beta.15
  resolution: "@rolldown/binding-freebsd-x64@npm:1.0.0-beta.15"
  conditions: os=freebsd & cpu=x64
  languageName: node
  linkType: hard

"@rolldown/binding-linux-arm-gnueabihf@npm:1.0.0-beta.15":
  version: 1.0.0-beta.15
  resolution: "@rolldown/binding-linux-arm-gnueabihf@npm:1.0.0-beta.15"
  conditions: os=linux & cpu=arm
  languageName: node
  linkType: hard

"@rolldown/binding-linux-arm64-gnu@npm:1.0.0-beta.15":
  version: 1.0.0-beta.15
  resolution: "@rolldown/binding-linux-arm64-gnu@npm:1.0.0-beta.15"
  conditions: os=linux & cpu=arm64 & libc=glibc
  languageName: node
  linkType: hard

"@rolldown/binding-linux-arm64-musl@npm:1.0.0-beta.15":
  version: 1.0.0-beta.15
  resolution: "@rolldown/binding-linux-arm64-musl@npm:1.0.0-beta.15"
  conditions: os=linux & cpu=arm64 & libc=musl
  languageName: node
  linkType: hard

"@rolldown/binding-linux-x64-gnu@npm:1.0.0-beta.15":
  version: 1.0.0-beta.15
  resolution: "@rolldown/binding-linux-x64-gnu@npm:1.0.0-beta.15"
  conditions: os=linux & cpu=x64 & libc=glibc
  languageName: node
  linkType: hard

"@rolldown/binding-linux-x64-musl@npm:1.0.0-beta.15":
  version: 1.0.0-beta.15
  resolution: "@rolldown/binding-linux-x64-musl@npm:1.0.0-beta.15"
  conditions: os=linux & cpu=x64 & libc=musl
  languageName: node
  linkType: hard

"@rolldown/binding-wasm32-wasi@npm:1.0.0-beta.15":
  version: 1.0.0-beta.15
  resolution: "@rolldown/binding-wasm32-wasi@npm:1.0.0-beta.15"
  dependencies:
    "@napi-rs/wasm-runtime": "npm:^0.2.10"
  conditions: cpu=wasm32
  languageName: node
  linkType: hard

"@rolldown/binding-win32-arm64-msvc@npm:1.0.0-beta.15":
  version: 1.0.0-beta.15
  resolution: "@rolldown/binding-win32-arm64-msvc@npm:1.0.0-beta.15"
  conditions: os=win32 & cpu=arm64
  languageName: node
  linkType: hard

"@rolldown/binding-win32-ia32-msvc@npm:1.0.0-beta.15":
  version: 1.0.0-beta.15
  resolution: "@rolldown/binding-win32-ia32-msvc@npm:1.0.0-beta.15"
  conditions: os=win32 & cpu=ia32
  languageName: node
  linkType: hard

"@rolldown/binding-win32-x64-msvc@npm:1.0.0-beta.15":
  version: 1.0.0-beta.15
  resolution: "@rolldown/binding-win32-x64-msvc@npm:1.0.0-beta.15"
  conditions: os=win32 & cpu=x64
  languageName: node
  linkType: hard

"@rolldown/pluginutils@npm:1.0.0-beta.15":
  version: 1.0.0-beta.15
  resolution: "@rolldown/pluginutils@npm:1.0.0-beta.15"
  checksum: 10c0/9e6dad8d82a34db600ef78f8da243e9f00f2b873afef9e071fd2bc1a26d9eb5cb9da474f211c42caabb8f6fcaf9bfbecc7e69af113aa84419967f012eb3228f3
  languageName: node
  linkType: hard

"@tybys/wasm-util@npm:^0.9.0":
  version: 0.9.0
  resolution: "@tybys/wasm-util@npm:0.9.0"
  dependencies:
    tslib: "npm:^2.4.0"
  checksum: 10c0/f9fde5c554455019f33af6c8215f1a1435028803dc2a2825b077d812bed4209a1a64444a4ca0ce2ea7e1175c8d88e2f9173a36a33c199e8a5c671aa31de8242d
  languageName: node
  linkType: hard

"ansis@npm:^4.0.0":
  version: 4.1.0
  resolution: "ansis@npm:4.1.0"
  checksum: 10c0/df62d017a7791babdaf45b93f930d2cfd6d1dab5568b610735c11434c9a5ef8f513740e7cfd80bcbc3530fc8bd892b88f8476f26621efc251230e53cbd1a2c24
  languageName: node
  linkType: hard

"microfrontends-runtime-runtime@workspace:.":
  version: 0.0.0-use.local
  resolution: "microfrontends-runtime-runtime@workspace:."
  dependencies:
    react: "npm:^19.1.0"
    react-dom: "npm:^19.1.0"
    rolldown: "npm:1.0.0-beta.15"
  languageName: unknown
  linkType: soft

"react-dom@npm:^19.1.0":
  version: 19.1.0
  resolution: "react-dom@npm:19.1.0"
  dependencies:
    scheduler: "npm:^0.26.0"
  peerDependencies:
    react: ^19.1.0
  checksum: 10c0/3e26e89bb6c67c9a6aa86cb888c7a7f8258f2e347a6d2a15299c17eb16e04c19194e3452bc3255bd34000a61e45e2cb51e46292392340432f133e5a5d2dfb5fc
  languageName: node
  linkType: hard

"react@npm:^19.1.0":
  version: 19.1.0
  resolution: "react@npm:19.1.0"
  checksum: 10c0/530fb9a62237d54137a13d2cfb67a7db6a2156faed43eecc423f4713d9b20c6f2728b026b45e28fcd72e8eadb9e9ed4b089e99f5e295d2f0ad3134251bdd3698
  languageName: node
  linkType: hard

"rolldown@npm:1.0.0-beta.15":
  version: 1.0.0-beta.15
  resolution: "rolldown@npm:1.0.0-beta.15"
  dependencies:
    "@oxc-project/runtime": "npm:=0.72.3"
    "@oxc-project/types": "npm:=0.72.3"
    "@rolldown/binding-darwin-arm64": "npm:1.0.0-beta.15"
    "@rolldown/binding-darwin-x64": "npm:1.0.0-beta.15"
    "@rolldown/binding-freebsd-x64": "npm:1.0.0-beta.15"
    "@rolldown/binding-linux-arm-gnueabihf": "npm:1.0.0-beta.15"
    "@rolldown/binding-linux-arm64-gnu": "npm:1.0.0-beta.15"
    "@rolldown/binding-linux-arm64-musl": "npm:1.0.0-beta.15"
    "@rolldown/binding-linux-x64-gnu": "npm:1.0.0-beta.15"
    "@rolldown/binding-linux-x64-musl": "npm:1.0.0-beta.15"
    "@rolldown/binding-wasm32-wasi": "npm:1.0.0-beta.15"
    "@rolldown/binding-win32-arm64-msvc": "npm:1.0.0-beta.15"
    "@rolldown/binding-win32-ia32-msvc": "npm:1.0.0-beta.15"
    "@rolldown/binding-win32-x64-msvc": "npm:1.0.0-beta.15"
    "@rolldown/pluginutils": "npm:1.0.0-beta.15"
    ansis: "npm:^4.0.0"
  dependenciesMeta:
    "@rolldown/binding-darwin-arm64":
      optional: true
    "@rolldown/binding-darwin-x64":
      optional: true
    "@rolldown/binding-freebsd-x64":
      optional: true
    "@rolldown/binding-linux-arm-gnueabihf":
      optional: true
    "@rolldown/binding-linux-arm64-gnu":
      optional: true
    "@rolldown/binding-linux-arm64-musl":
      optional: true
    "@rolldown/binding-linux-x64-gnu":
      optional: true
    "@rolldown/binding-linux-x64-musl":
      optional: true
    "@rolldown/binding-wasm32-wasi":
      optional: true
    "@rolldown/binding-win32-arm64-msvc":
      optional: true
    "@rolldown/binding-win32-ia32-msvc":
      optional: true
    "@rolldown/binding-win32-x64-msvc":
      optional: true
  bin:
    rolldown: bin/cli.mjs
  checksum: 10c0/de2ea888c85ce458232707b75c9e8982ee128c497d0e5c992b4085c57bdd36bcc73d04f3fba3186ab70274288d6914c94f280ab380ce0b4347610b51b82e25e8
  languageName: node
  linkType: hard

"scheduler@npm:^0.26.0":
  version: 0.26.0
  resolution: "scheduler@npm:0.26.0"
  checksum: 10c0/5b8d5bfddaae3513410eda54f2268e98a376a429931921a81b5c3a2873aab7ca4d775a8caac5498f8cbc7d0daeab947cf923dbd8e215d61671f9f4e392d34356
  languageName: node
  linkType: hard

"tslib@npm:^2.4.0":
  version: 2.8.1
  resolution: "tslib@npm:2.8.1"
  checksum: 10c0/9c4759110a19c53f992d9aae23aac5ced636e99887b51b9e61def52611732872ff7668757d4e4c61f19691e36f4da981cd9485e869b4a7408d689f6bf1f14e62
  languageName: node
  linkType: hard
